
Microsoft Visual Studio Solution File, Format Version 12.00
# Visual Studio Version 17
VisualStudioVersion = 17.9.34622.214
MinimumVisualStudioVersion = 10.0.40219.1
Project("{FAE04EC0-301F-11D3-BF4B-00C04F79EFBC}") = "AspNetCoreMVC_ODEV", "AspNetCoreMVC_ODEV\AspNetCoreMVC_ODEV.csproj", "{A23410F1-3329-4F3E-9C4A-AE197ED5A102}"
EndProject
Global
	GlobalSection(SolutionConfigurationPlatforms) = preSolution
		Debug|Any CPU = Debug|Any CPU
		Release|Any CPU = Release|Any CPU
	EndGlobalSection
	GlobalSection(ProjectConfigurationPlatforms) = postSolution
		{A23410F1-3329-4F3E-9C4A-AE197ED5A102}.Debug|Any CPU.ActiveCfg = Debug|Any CPU
		{A23410F1-3329-4F3E-9C4A-AE197ED5A102}.Debug|Any CPU.Build.0 = Debug|Any CPU
		{A23410F1-3329-4F3E-9C4A-AE197ED5A102}.Release|Any CPU.ActiveCfg = Release|Any CPU
		{A23410F1-3329-4F3E-9C4A-AE197ED5A102}.Release|Any CPU.Build.0 = Release|Any CPU
	EndGlobalSection
	GlobalSection(SolutionProperties) = preSolution
		HideSolutionNode = FALSE
	EndGlobalSection
	GlobalSection(ExtensibilityGlobals) = postSolution
		SolutionGuid = {A238005E-A985-4415-8BAF-1BEED0B2BDF2}
	EndGlobalSection
EndGlobal
